
Microsoft Visual Studio Solution File, Format Version 12.00
# Visual Studio Version 17
VisualStudioVersion = 17.6.33723.286
MinimumVisualStudioVersion = 10.0.40219.1
Project("{FAE04EC0-301F-11D3-BF4B-00C04F79EFBC}") = "Tic Tac Toe", "Tic Tac Toe\Tic Tac Toe.csproj", "{33FC792C-65E6-4120-B7CD-B4928243DCEF}"
EndProject
Global
	GlobalSection(SolutionConfigurationPlatforms) = preSolution
		Debug|Any CPU = Debug|Any CPU
		Release|Any CPU = Release|Any CPU
	EndGlobalSection
	GlobalSection(ProjectConfigurationPlatforms) = postSolution
		{33FC792C-65E6-4120-B7CD-B4928243DCEF}.Debug|Any CPU.ActiveCfg = Debug|Any CPU
		{33FC792C-65E6-4120-B7CD-B4928243DCEF}.Debug|Any CPU.Build.0 = Debug|Any CPU
		{33FC792C-65E6-4120-B7CD-B4928243DCEF}.Release|Any CPU.ActiveCfg = Release|Any CPU
		{33FC792C-65E6-4120-B7CD-B4928243DCEF}.Release|Any CPU.Build.0 = Release|Any CPU
	EndGlobalSection
	GlobalSection(SolutionProperties) = preSolution
		HideSolutionNode = FALSE
	EndGlobalSection
	GlobalSection(ExtensibilityGlobals) = postSolution
		SolutionGuid = {A25E77AD-2556-4C3E-8B39-A18E4FFE41E5}
	EndGlobalSection
EndGlobal
